
Microsoft Visual Studio Solution File, Format Version 12.00
# Visual Studio Version 17
VisualStudioVersion = 17.14.37216.2 d17.14
MinimumVisualStudioVersion = 10.0.40219.1
Project("{FAE04EC0-301F-11D3-BF4B-00C04F79EFBC}") = "04", "04\04.csproj", "{3EBE45C6-901F-4ABD-88DA-150F11009524}"
EndProject
Global
	GlobalSection(SolutionConfigurationPlatforms) = preSolution
		Debug|Any CPU = Debug|Any CPU
		Release|Any CPU = Release|Any CPU
	EndGlobalSection
	GlobalSection(ProjectConfigurationPlatforms) = postSolution
		{3EBE45C6-901F-4ABD-88DA-150F11009524}.Debug|Any CPU.ActiveCfg = Debug|Any CPU
		{3EBE45C6-901F-4ABD-88DA-150F11009524}.Debug|Any CPU.Build.0 = Debug|Any CPU
		{3EBE45C6-901F-4ABD-88DA-150F11009524}.Release|Any CPU.ActiveCfg = Release|Any CPU
		{3EBE45C6-901F-4ABD-88DA-150F11009524}.Release|Any CPU.Build.0 = Release|Any CPU
	EndGlobalSection
	GlobalSection(SolutionProperties) = preSolution
		HideSolutionNode = FALSE
	EndGlobalSection
	GlobalSection(ExtensibilityGlobals) = postSolution
		SolutionGuid = {29CD05F2-F626-4EE7-B969-C327CEC17917}
	EndGlobalSection
EndGlobal
